
Microsoft Visual Studio Solution File, Format Version 12.00
# Visual Studio Version 17
VisualStudioVersion = 17.14.36616.10 d17.14
MinimumVisualStudioVersion = 10.0.40219.1
Project("{FAE04EC0-301F-11D3-BF4B-00C04F79EFBC}") = "graphic_editor", "graphic_editor\graphic_editor.csproj", "{7B7FE8D0-4123-479F-9FC1-33F700E2021C}"
EndProject
Global
	GlobalSection(SolutionConfigurationPlatforms) = preSolution
		Debug|Any CPU = Debug|Any CPU
		Release|Any CPU = Release|Any CPU
	EndGlobalSection
	GlobalSection(ProjectConfigurationPlatforms) = postSolution
		{7B7FE8D0-4123-479F-9FC1-33F700E2021C}.Debug|Any CPU.ActiveCfg = Debug|Any CPU
		{7B7FE8D0-4123-479F-9FC1-33F700E2021C}.Debug|Any CPU.Build.0 = Debug|Any CPU
		{7B7FE8D0-4123-479F-9FC1-33F700E2021C}.Release|Any CPU.ActiveCfg = Release|Any CPU
		{7B7FE8D0-4123-479F-9FC1-33F700E2021C}.Release|Any CPU.Build.0 = Release|Any CPU
	EndGlobalSection
	GlobalSection(SolutionProperties) = preSolution
		HideSolutionNode = FALSE
	EndGlobalSection
	GlobalSection(ExtensibilityGlobals) = postSolution
		SolutionGuid = {44240FD1-D6C2-4B7A-9273-B8D52B9B9B90}
	EndGlobalSection
EndGlobal
